# Create a minimal uv.lock file
@'
version = 1
requires-python = ">=3.10"

[[package]]
name = "email-triage-env"
version = "1.0.0"
source = { editable = "." }

[package.metadata]
requires-dist = [
    { name = "fastapi", specifier = ">=0.104.0" },
    { name = "uvicorn", extras = ["standard"], specifier = ">=0.24.0" },
    { name = "pydantic", specifier = ">=2.0.0" },
    { name = "openai", specifier = ">=1.0.0" },
    { name = "httpx", specifier = ">=0.25.0" },
    { name = "python-multipart", specifier = ">=0.0.6" },
    { name = "python-dotenv", specifier = ">=1.0.0" },
]
'@ | Out-File -FilePath uv.lock -Encoding utf8

# Add and commit
git add uv.lock
git commit -m "Add minimal uv.lock for validation"
git push origin master